<?xml version="1.0" encoding="utf-8"?>
<Project ToolsVersion="4.0" xmlns="http://schemas.microsoft.com/developer/msbuild/2003">
  <ItemGroup>
    <ClCompile Include="Main.cpp">
      <Filter>Source</Filter>
    </ClCompile>
    <ClCompile Include="pch.cpp">
      <Filter>Project Items</Filter>
    </ClCompile>
    <ClCompile Include="Structs.cpp">
      <Filter>Source</Filter>
    </ClCompile>
    <ClCompile Include="BaseWindow.cpp">
      <Filter>Source\Windows</Filter>
    </ClCompile>
    <ClCompile Include="ExportPreviewWindow.cpp">
      <Filter>Source\Windows</Filter>
    </ClCompile>
    <ClCompile Include="MainWindow.cpp">
      <Filter>Source\Windows</Filter>
    </ClCompile>
    <ClCompile Include="FaceElementEditorDialog.cpp">
      <Filter>Source\Dialogs</Filter>
    </ClCompile>
    <ClCompile Include="ProgressDialog.cpp">
      <Filter>Source\Dialogs</Filter>
    </ClCompile>
    <ClCompile Include="FontGeneratorConfig.cpp" />
    <ClCompile Include="MainWindow.Window.cpp">
      <Filter>Source\Windows</Filter>
    </ClCompile>
    <ClCompile Include="MainWindow.Controls.cpp">
      <Filter>Source\Windows</Filter>
    </ClCompile>
    <ClCompile Include="MainWindow.Menu.Edit.cpp">
      <Filter>Source\Windows</Filter>
    </ClCompile>
    <ClCompile Include="MainWindow.Menu.Export.cpp">
      <Filter>Source\Windows</Filter>
    </ClCompile>
    <ClCompile Include="MainWindow.Menu.File.cpp">
      <Filter>Source\Windows</Filter>
    </ClCompile>
    <ClCompile Include="MainWindow.Menu.View.cpp">
      <Filter>Source\Windows</Filter>
    </ClCompile>
    <ClCompile Include="MiscUtil.cpp" />
  </ItemGroup>
  <ItemGroup>
    <Filter Include="Project Items">
      <UniqueIdentifier>{d719eb54-8ca7-4c80-b874-9d9e8aee8c68}</UniqueIdentifier>
    </Filter>
    <Filter Include="Source">
      <UniqueIdentifier>{9191263d-3d41-49ff-9708-53b106238b9f}</UniqueIdentifier>
    </Filter>
    <Filter Include="Source\Windows">
      <UniqueIdentifier>{87361262-3322-453c-8860-c8d0cfba0907}</UniqueIdentifier>
    </Filter>
    <Filter Include="Source\Dialogs">
      <UniqueIdentifier>{4bb79045-e455-4d25-a7c7-884c5be6efd9}</UniqueIdentifier>
    </Filter>
  </ItemGroup>
  <ItemGroup>
    <ClInclude Include="pch.h">
      <Filter>Project Items</Filter>
    </ClInclude>
    <ClInclude Include="resource.h">
      <Filter>Project Items</Filter>
    </ClInclude>
    <ClInclude Include="Structs.h">
      <Filter>Source</Filter>
    </ClInclude>
    <ClInclude Include="BaseWindow.h">
      <Filter>Source\Windows</Filter>
    </ClInclude>
    <ClInclude Include="ExportPreviewWindow.h">
      <Filter>Source\Windows</Filter>
    </ClInclude>
    <ClInclude Include="MainWindow.h">
      <Filter>Source\Windows</Filter>
    </ClInclude>
    <ClInclude Include="FaceElementEditorDialog.h">
      <Filter>Source\Dialogs</Filter>
    </ClInclude>
    <ClInclude Include="ProgressDialog.h">
      <Filter>Source\Dialogs</Filter>
    </ClInclude>
    <ClInclude Include="FontGeneratorConfig.h" />
    <ClInclude Include="MainWindow.Internal.h">
      <Filter>Source\Windows</Filter>
    </ClInclude>
    <ClInclude Include="MiscUtil.h" />
  </ItemGroup>
  <ItemGroup>
    <None Include="vcpkg.json">
      <Filter>Project Items</Filter>
    </None>
  </ItemGroup>
  <ItemGroup>
    <ResourceCompile Include="XivRes.FontGenerator.rc">
      <Filter>Project Items</Filter>
    </ResourceCompile>
  </ItemGroup>
</Project>